// !$*UTF8*$!
{
	archiveVersion = 1;
	classes = {
	};
	objectVersion = 46;
	objects = {

/* Begin PBXBuildFile section */
		FAC917471B01030B00470104 /* main.m in Sources */ = {isa = PBXBuildFile; fileRef = FAC917461B01030B00470104 /* main.m */; };
		FAC9174A1B01030B00470104 /* AppDelegate.m in Sources */ = {isa = PBXBuildFile; fileRef = FAC917491B01030B00470104 /* AppDelegate.m */; };
		FAC9174D1B01030B00470104 /* vpn_switch.xcdatamodeld in Sources */ = {isa = PBXBuildFile; fileRef = FAC9174B1B01030B00470104 /* vpn_switch.xcdatamodeld */; };
		FAC917501B01030B00470104 /* ViewController.m in Sources */ = {isa = PBXBuildFile; fileRef = FAC9174F1B01030B00470104 /* ViewController.m */; };
		FAC917531B01030B00470104 /* Main.storyboard in Resources */ = {isa = PBXBuildFile; fileRef = FAC917511B01030B00470104 /* Main.storyboard */; };
		FAC917551B01030B00470104 /* Images.xcassets in Resources */ = {isa = PBXBuildFile; fileRef = FAC917541B01030B00470104 /* Images.xcassets */; };
		FAC917581B01030B00470104 /* LaunchScreen.xib in Resources */ = {isa = PBXBuildFile; fileRef = FAC917561B01030B00470104 /* LaunchScreen.xib */; };
		FAC917641B01030B00470104 /* vpn_switchTests.m in Sources */ = {isa = PBXBuildFile; fileRef = FAC917631B01030B00470104 /* vpn_switchTests.m */; };
		FAC917741B01077300470104 /* NotificationCenter.framework in Frameworks */ = {isa = PBXBuildFile; fileRef = FAC917731B01077300470104 /* NotificationCenter.framework */; };
		FAC9177A1B01077300470104 /* TodayViewController.m in Sources */ = {isa = PBXBuildFile; fileRef = FAC917791B01077300470104 /* TodayViewController.m */; };
		FAC9177C1B01077300470104 /* MainInterface.storyboard in Resources */ = {isa = PBXBuildFile; fileRef = FAC9177B1B01077300470104 /* MainInterface.storyboard */; };
		FAC917801B01077300470104 /* barbtn.appex in Embed App Extensions */ = {isa = PBXBuildFile; fileRef = FAC917711B01077300470104 /* barbtn.appex */; settings = {ATTRIBUTES = (RemoveHeadersOnCopy, ); }; };
/* End PBXBuildFile section */

/* Begin PBXContainerItemProxy section */
		FAC9175E1B01030B00470104 /* PBXContainerItemProxy */ = {
			isa = PBXContainerItemProxy;
			containerPortal = FAC917391B01030B00470104 /* Project object */;
			proxyType = 1;
			remoteGlobalIDString = FAC917401B01030B00470104;
			remoteInfo = vpn_switch;
		};
		FAC9177D1B01077300470104 /* PBXContainerItemProxy */ = {
			isa = PBXContainerItemProxy;
			containerPortal = FAC917391B01030B00470104 /* Project object */;
			proxyType = 1;
			remoteGlobalIDString = FAC917701B01077300470104;
			remoteInfo = barbtn;
		};
/* End PBXContainerItemProxy section */

/* Begin PBXCopyFilesBuildPhase section */
		FAC9177F1B01077300470104 /* Embed App Extensions */ = {
			isa = PBXCopyFilesBuildPhase;
			buildActionMask = 2147483647;
			dstPath = "";
			dstSubfolderSpec = 13;
			files = (
				FAC917801B01077300470104 /* barbtn.appex in Embed App Extensions */,
			);
			name = "Embed App Extensions";
			runOnlyForDeploymentPostprocessing = 0;
		};
/* End PBXCopyFilesBuildPhase section */

/* Begin PBXFileReference section */
		FAC917411B01030B00470104 /* vpn_switch.app */ = {isa = PBXFileReference; explicitFileType = wrapper.application; includeInIndex = 0; path = vpn_switch.app; sourceTree = BUILT_PRODUCTS_DIR; };
		FAC917451B01030B00470104 /* Info.plist */ = {isa = PBXFileReference; lastKnownFileType = text.plist.xml; path = Info.plist; sourceTree = "<group>"; };
		FAC917461B01030B00470104 /* main.m */ = {isa = PBXFileReference; lastKnownFileType = sourcecode.c.objc; path = main.m; sourceTree = "<group>"; };
		FAC917481B01030B00470104 /* AppDelegate.h */ = {isa = PBXFileReference; lastKnownFileType = sourcecode.c.h; path = AppDelegate.h; sourceTree = "<group>"; };
		FAC917491B01030B00470104 /* AppDelegate.m */ = {isa = PBXFileReference; lastKnownFileType = sourcecode.c.objc; path = AppDelegate.m; sourceTree = "<group>"; };
		FAC9174C1B01030B00470104 /* vpn_switch.xcdatamodel */ = {isa = PBXFileReference; lastKnownFileType = wrapper.xcdatamodel; path = vpn_switch.xcdatamodel; sourceTree = "<group>"; };
		FAC9174E1B01030B00470104 /* ViewController.h */ = {isa = PBXFileReference; lastKnownFileType = sourcecode.c.h; path = ViewController.h; sourceTree = "<group>"; };
		FAC9174F1B01030B00470104 /* ViewController.m */ = {isa = PBXFileReference; lastKnownFileType = sourcecode.c.objc; path = ViewController.m; sourceTree = "<group>"; };
		FAC917521B01030B00470104 /* Base */ = {isa = PBXFileReference; lastKnownFileType = file.storyboard; name = Base; path = Base.lproj/Main.storyboard; sourceTree = "<group>"; };
		FAC917541B01030B00470104 /* Images.xcassets */ = {isa = PBXFileReference; lastKnownFileType = folder.assetcatalog; path = Images.xcassets; sourceTree = "<group>"; };
		FAC917571B01030B00470104 /* Base */ = {isa = PBXFileReference; lastKnownFileType = file.xib; name = Base; path = Base.lproj/LaunchScreen.xib; sourceTree = "<group>"; };
		FAC9175D1B01030B00470104 /* vpn_switchTests.xctest */ = {isa = PBXFileReference; explicitFileType = wrapper.cfbundle; includeInIndex = 0; path = vpn_switchTests.xctest; sourceTree = BUILT_PRODUCTS_DIR; };
		FAC917621B01030B00470104 /* Info.plist */ = {isa = PBXFileReference; lastKnownFileType = text.plist.xml; path = Info.plist; sourceTree = "<group>"; };
		FAC917631B01030B00470104 /* vpn_switchTests.m */ = {isa = PBXFileReference; lastKnownFileType = sourcecode.c.objc; path = vpn_switchTests.m; sourceTree = "<group>"; };
		FAC917711B01077300470104 /* barbtn.appex */ = {isa = PBXFileReference; explicitFileType = "wrapper.app-extension"; includeInIndex = 0; path = barbtn.appex; sourceTree = BUILT_PRODUCTS_DIR; };
		FAC917731B01077300470104 /* NotificationCenter.framework */ = {isa = PBXFileReference; lastKnownFileType = wrapper.framework; name = NotificationCenter.framework; path = System/Library/Frameworks/NotificationCenter.framework; sourceTree = SDKROOT; };
		FAC917771B01077300470104 /* Info.plist */ = {isa = PBXFileReference; lastKnownFileType = text.plist.xml; path = Info.plist; sourceTree = "<group>"; };
		FAC917781B01077300470104 /* TodayViewController.h */ = {isa = PBXFileReference; lastKnownFileType = sourcecode.c.h; path = TodayViewController.h; sourceTree = "<group>"; };
		FAC917791B01077300470104 /* TodayViewController.m */ = {isa = PBXFileReference; lastKnownFileType = sourcecode.c.objc; path = TodayViewController.m; sourceTree = "<group>"; };
		FAC9177B1B01077300470104 /* MainInterface.storyboard */ = {isa = PBXFileReference; lastKnownFileType = file.storyboard; path = MainInterface.storyboard; sourceTree = "<group>"; };
/* End PBXFileReference section */

/* Begin PBXFrameworksBuildPhase section */
		FAC9173E1B01030B00470104 /* Frameworks */ = {
			isa = PBXFrameworksBuildPhase;
			buildActionMask = 2147483647;
			files = (
			);
			runOnlyForDeploymentPostprocessing = 0;
		};
		FAC9175A1B01030B00470104 /* Frameworks */ = {
			isa = PBXFrameworksBuildPhase;
			buildActionMask = 2147483647;
			files = (
			);
			runOnlyForDeploymentPostprocessing = 0;
		};
		FAC9176E1B01077300470104 /* Frameworks */ = {
			isa = PBXFrameworksBuildPhase;
			buildActionMask = 2147483647;
			files = (
				FAC917741B01077300470104 /* NotificationCenter.framework in Frameworks */,
			);
			runOnlyForDeploymentPostprocessing = 0;
		};
/* End PBXFrameworksBuildPhase section */

/* Begin PBXGroup section */
		FAC917381B01030B00470104 = {
			isa = PBXGroup;
			children = (
				FAC917431B01030B00470104 /* vpn_switch */,
				FAC917601B01030B00470104 /* vpn_switchTests */,
				FAC917751B01077300470104 /* barbtn */,
				FAC917721B01077300470104 /* Frameworks */,
				FAC917421B01030B00470104 /* Products */,
			);
			sourceTree = "<group>";
		};
		FAC917421B01030B00470104 /* Products */ = {
			isa = PBXGroup;
			children = (
				FAC917411B01030B00470104 /* vpn_switch.app */,
				FAC9175D1B01030B00470104 /* vpn_switchTests.xctest */,
				FAC917711B01077300470104 /* barbtn.appex */,
			);
			name = Products;
			sourceTree = "<group>";
		};
		FAC917431B01030B00470104 /* vpn_switch */ = {
			isa = PBXGroup;
			children = (
				FAC917481B01030B00470104 /* AppDelegate.h */,
				FAC917491B01030B00470104 /* AppDelegate.m */,
				FAC9174E1B01030B00470104 /* ViewController.h */,
				FAC9174F1B01030B00470104 /* ViewController.m */,
				FAC917511B01030B00470104 /* Main.storyboard */,
				FAC917541B01030B00470104 /* Images.xcassets */,
				FAC917561B01030B00470104 /* LaunchScreen.xib */,
				FAC9174B1B01030B00470104 /* vpn_switch.xcdatamodeld */,
				FAC917441B01030B00470104 /* Supporting Files */,
			);
			path = vpn_switch;
			sourceTree = "<group>";
		};
		FAC917441B01030B00470104 /* Supporting Files */ = {
			isa = PBXGroup;
			children = (
				FAC917451B01030B00470104 /* Info.plist */,
				FAC917461B01030B00470104 /* main.m */,
			);
			name = "Supporting Files";
			sourceTree = "<group>";
		};
		FAC917601B01030B00470104 /* vpn_switchTests */ = {
			isa = PBXGroup;
			children = (
				FAC917631B01030B00470104 /* vpn_switchTests.m */,
				FAC917611B01030B00470104 /* Supporting Files */,
			);
			path = vpn_switchTests;
			sourceTree = "<group>";
		};
		FAC917611B01030B00470104 /* Supporting Files */ = {
			isa = PBXGroup;
			children = (
				FAC917621B01030B00470104 /* Info.plist */,
			);
			name = "Supporting Files";
			sourceTree = "<group>";
		};
		FAC917721B01077300470104 /* Frameworks */ = {
			isa = PBXGroup;
			children = (
				FAC917731B01077300470104 /* NotificationCenter.framework */,
			);
			name = Frameworks;
			sourceTree = "<group>";
		};
		FAC917751B01077300470104 /* barbtn */ = {
			isa = PBXGroup;
			children = (
				FAC917781B01077300470104 /* TodayViewController.h */,
				FAC917791B01077300470104 /* TodayViewController.m */,
				FAC9177B1B01077300470104 /* MainInterface.storyboard */,
				FAC917761B01077300470104 /* Supporting Files */,
			);
			path = barbtn;
			sourceTree = "<group>";
		};
		FAC917761B01077300470104 /* Supporting Files */ = {
			isa = PBXGroup;
			children = (
				FAC917771B01077300470104 /* Info.plist */,
			);
			name = "Supporting Files";
			sourceTree = "<group>";
		};
/* End PBXGroup section */

/* Begin PBXNativeTarget section */
		FAC917401B01030B00470104 /* vpn_switch */ = {
			isa = PBXNativeTarget;
			buildConfigurationList = FAC917671B01030B00470104 /* Build configuration list for PBXNativeTarget "vpn_switch" */;
			buildPhases = (
				FAC9173D1B01030B00470104 /* Sources */,
				FAC9173E1B01030B00470104 /* Frameworks */,
				FAC9173F1B01030B00470104 /* Resources */,
				FAC9177F1B01077300470104 /* Embed App Extensions */,
			);
			buildRules = (
			);
			dependencies = (
				FAC9177E1B01077300470104 /* PBXTargetDependency */,
			);
			name = vpn_switch;
			productName = vpn_switch;
			productReference = FAC917411B01030B00470104 /* vpn_switch.app */;
			productType = "com.apple.product-type.application";
		};
		FAC9175C1B01030B00470104 /* vpn_switchTests */ = {
			isa = PBXNativeTarget;
			buildConfigurationList = FAC9176A1B01030B00470104 /* Build configuration list for PBXNativeTarget "vpn_switchTests" */;
			buildPhases = (
				FAC917591B01030B00470104 /* Sources */,
				FAC9175A1B01030B00470104 /* Frameworks */,
				FAC9175B1B01030B00470104 /* Resources */,
			);
			buildRules = (
			);
			dependencies = (
				FAC9175F1B01030B00470104 /* PBXTargetDependency */,
			);
			name = vpn_switchTests;
			productName = vpn_switchTests;
			productReference = FAC9175D1B01030B00470104 /* vpn_switchTests.xctest */;
			productType = "com.apple.product-type.bundle.unit-test";
		};
		FAC917701B01077300470104 /* barbtn */ = {
			isa = PBXNativeTarget;
			buildConfigurationList = FAC917811B01077300470104 /* Build configuration list for PBXNativeTarget "barbtn" */;
			buildPhases = (
				FAC9176D1B01077300470104 /* Sources */,
				FAC9176E1B01077300470104 /* Frameworks */,
				FAC9176F1B01077300470104 /* Resources */,
			);
			buildRules = (
			);
			dependencies = (
			);
			name = barbtn;
			productName = barbtn;
			productReference = FAC917711B01077300470104 /* barbtn.appex */;
			productType = "com.apple.product-type.app-extension";
		};
/* End PBXNativeTarget section */

/* Begin PBXProject section */
		FAC917391B01030B00470104 /* Project object */ = {
			isa = PBXProject;
			attributes = {
				LastUpgradeCheck = 0610;
				ORGANIZATIONNAME = lance7in;
				TargetAttributes = {
					FAC917401B01030B00470104 = {
						CreatedOnToolsVersion = 6.1;
					};
					FAC9175C1B01030B00470104 = {
						CreatedOnToolsVersion = 6.1;
						TestTargetID = FAC917401B01030B00470104;
					};
					FAC917701B01077300470104 = {
						CreatedOnToolsVersion = 6.1;
					};
				};
			};
			buildConfigurationList = FAC9173C1B01030B00470104 /* Build configuration list for PBXProject "vpn_switch" */;
			compatibilityVersion = "Xcode 3.2";
			developmentRegion = English;
			hasScannedForEncodings = 0;
			knownRegions = (
				en,
				Base,
			);
			mainGroup = FAC917381B01030B00470104;
			productRefGroup = FAC917421B01030B00470104 /* Products */;
			projectDirPath = "";
			projectRoot = "";
			targets = (
				FAC917401B01030B00470104 /* vpn_switch */,
				FAC9175C1B01030B00470104 /* vpn_switchTests */,
				FAC917701B01077300470104 /* barbtn */,
			);
		};
/* End PBXProject section */

/* Begin PBXResourcesBuildPhase section */
		FAC9173F1B01030B00470104 /* Resources */ = {
			isa = PBXResourcesBuildPhase;
			buildActionMask = 2147483647;
			files = (
				FAC917531B01030B00470104 /* Main.storyboard in Resources */,
				FAC917581B01030B00470104 /* LaunchScreen.xib in Resources */,
				FAC917551B01030B00470104 /* Images.xcassets in Resources */,
			);
			runOnlyForDeploymentPostprocessing = 0;
		};
		FAC9175B1B01030B00470104 /* Resources */ = {
			isa = PBXResourcesBuildPhase;
			buildActionMask = 2147483647;
			files = (
			);
			runOnlyForDeploymentPostprocessing = 0;
		};
		FAC9176F1B01077300470104 /* Resources */ = {
			isa = PBXResourcesBuildPhase;
			buildActionMask = 2147483647;
			files = (
				FAC9177C1B01077300470104 /* MainInterface.storyboard in Resources */,
			);
			runOnlyForDeploymentPostprocessing = 0;
		};
/* End PBXResourcesBuildPhase section */

/* Begin PBXSourcesBuildPhase section */
		FAC9173D1B01030B00470104 /* Sources */ = {
			isa = PBXSourcesBuildPhase;
			buildActionMask = 2147483647;
			files = (
				FAC9174A1B01030B00470104 /* AppDelegate.m in Sources */,
				FAC917471B01030B00470104 /* main.m in Sources */,
				FAC917501B01030B00470104 /* ViewController.m in Sources */,
				FAC9174D1B01030B00470104 /* vpn_switch.xcdatamodeld in Sources */,
			);
			runOnlyForDeploymentPostprocessing = 0;
		};
		FAC917591B01030B00470104 /* Sources */ = {
			isa = PBXSourcesBuildPhase;
			buildActionMask = 2147483647;
			files = (
				FAC917641B01030B00470104 /* vpn_switchTests.m in Sources */,
			);
			runOnlyForDeploymentPostprocessing = 0;
		};
		FAC9176D1B01077300470104 /* Sources */ = {
			isa = PBXSourcesBuildPhase;
			buildActionMask = 2147483647;
			files = (
				FAC9177A1B01077300470104 /* TodayViewController.m in Sources */,
			);
			runOnlyForDeploymentPostprocessing = 0;
		};
/* End PBXSourcesBuildPhase section */

/* Begin PBXTargetDependency section */
		FAC9175F1B01030B00470104 /* PBXTargetDependency */ = {
			isa = PBXTargetDependency;
			target = FAC917401B01030B00470104 /* vpn_switch */;
			targetProxy = FAC9175E1B01030B00470104 /* PBXContainerItemProxy */;
		};
		FAC9177E1B01077300470104 /* PBXTargetDependency */ = {
			isa = PBXTargetDependency;
			target = FAC917701B01077300470104 /* barbtn */;
			targetProxy = FAC9177D1B01077300470104 /* PBXContainerItemProxy */;
		};
/* End PBXTargetDependency section */

/* Begin PBXVariantGroup section */
		FAC917511B01030B00470104 /* Main.storyboard */ = {
			isa = PBXVariantGroup;
			children = (
				FAC917521B01030B00470104 /* Base */,
			);
			name = Main.storyboard;
			sourceTree = "<group>";
		};
		FAC917561B01030B00470104 /* LaunchScreen.xib */ = {
			isa = PBXVariantGroup;
			children = (
				FAC917571B01030B00470104 /* Base */,
			);
			name = LaunchScreen.xib;
			sourceTree = "<group>";
		};
/* End PBXVariantGroup section */

/* Begin XCBuildConfiguration section */
		FAC917651B01030B00470104 /* Debug */ = {
			isa = XCBuildConfiguration;
			buildSettings = {
				ALWAYS_SEARCH_USER_PATHS = NO;
				CLANG_CXX_LANGUAGE_STANDARD = "gnu++0x";
				CLANG_CXX_LIBRARY = "libc++";
				CLANG_ENABLE_MODULES = YES;
				CLANG_ENABLE_OBJC_ARC = YES;
				CLANG_WARN_BOOL_CONVERSION = YES;
				CLANG_WARN_CONSTANT_CONVERSION = YES;
				CLANG_WARN_DIRECT_OBJC_ISA_USAGE = YES_ERROR;
				CLANG_WARN_EMPTY_BODY = YES;
				CLANG_WARN_ENUM_CONVERSION = YES;
				CLANG_WARN_INT_CONVERSION = YES;
				CLANG_WARN_OBJC_ROOT_CLASS = YES_ERROR;
				CLANG_WARN_UNREACHABLE_CODE = YES;
				CLANG_WARN__DUPLICATE_METHOD_MATCH = YES;
				"CODE_SIGN_IDENTITY[sdk=iphoneos*]" = "iPhone Developer";
				COPY_PHASE_STRIP = NO;
				ENABLE_STRICT_OBJC_MSGSEND = YES;
				GCC_C_LANGUAGE_STANDARD = gnu99;
				GCC_DYNAMIC_NO_PIC = NO;
				GCC_OPTIMIZATION_LEVEL = 0;
				GCC_PREPROCESSOR_DEFINITIONS = (
					"DEBUG=1",
					"$(inherited)",
				);
				GCC_SYMBOLS_PRIVATE_EXTERN = NO;
				GCC_WARN_64_TO_32_BIT_CONVERSION = YES;
				GCC_WARN_ABOUT_RETURN_TYPE = YES_ERROR;
				GCC_WARN_UNDECLARED_SELECTOR = YES;
				GCC_WARN_UNINITIALIZED_AUTOS = YES_AGGRESSIVE;
				GCC_WARN_UNUSED_FUNCTION = YES;
				GCC_WARN_UNUSED_VARIABLE = YES;
				IPHONEOS_DEPLOYMENT_TARGET = 8.1;
				MTL_ENABLE_DEBUG_INFO = YES;
				ONLY_ACTIVE_ARCH = YES;
				SDKROOT = iphoneos;
			};
			name = Debug;
		};
		FAC917661B01030B00470104 /* Release */ = {
			isa = XCBuildConfiguration;
			buildSettings = {
				ALWAYS_SEARCH_USER_PATHS = NO;
				CLANG_CXX_LANGUAGE_STANDARD = "gnu++0x";
				CLANG_CXX_LIBRARY = "libc++";
				CLANG_ENABLE_MODULES = YES;
				CLANG_ENABLE_OBJC_ARC = YES;
				CLANG_WARN_BOOL_CONVERSION = YES;
				CLANG_WARN_CONSTANT_CONVERSION = YES;
				CLANG_WARN_DIRECT_OBJC_ISA_USAGE = YES_ERROR;
				CLANG_WARN_EMPTY_BODY = YES;
				CLANG_WARN_ENUM_CONVERSION = YES;
				CLANG_WARN_INT_CONVERSION = YES;
				CLANG_WARN_OBJC_ROOT_CLASS = YES_ERROR;
				CLANG_WARN_UNREACHABLE_CODE = YES;
				CLANG_WARN__DUPLICATE_METHOD_MATCH = YES;
				"CODE_SIGN_IDENTITY[sdk=iphoneos*]" = "iPhone Developer";
				COPY_PHASE_STRIP = YES;
				ENABLE_NS_ASSERTIONS = NO;
				ENABLE_STRICT_OBJC_MSGSEND = YES;
				GCC_C_LANGUAGE_STANDARD = gnu99;
				GCC_WARN_64_TO_32_BIT_CONVERSION = YES;
				GCC_WARN_ABOUT_RETURN_TYPE = YES_ERROR;
				GCC_WARN_UNDECLARED_SELECTOR = YES;
				GCC_WARN_UNINITIALIZED_AUTOS = YES_AGGRESSIVE;
				GCC_WARN_UNUSED_FUNCTION = YES;
				GCC_WARN_UNUSED_VARIABLE = YES;
				IPHONEOS_DEPLOYMENT_TARGET = 8.1;
				MTL_ENABLE_DEBUG_INFO = NO;
				SDKROOT = iphoneos;
				VALIDATE_PRODUCT = YES;
			};
			name = Release;
		};
		FAC917681B01030B00470104 /* Debug */ = {
			isa = XCBuildConfiguration;
			buildSettings = {
				ASSETCATALOG_COMPILER_APPICON_NAME = AppIcon;
				INFOPLIST_FILE = vpn_switch/Info.plist;
				LD_RUNPATH_SEARCH_PATHS = "$(inherited) @executable_path/Frameworks";
				PRODUCT_NAME = "$(TARGET_NAME)";
			};
			name = Debug;
		};
		FAC917691B01030B00470104 /* Release */ = {
			isa = XCBuildConfiguration;
			buildSettings = {
				ASSETCATALOG_COMPILER_APPICON_NAME = AppIcon;
				INFOPLIST_FILE = vpn_switch/Info.plist;
				LD_RUNPATH_SEARCH_PATHS = "$(inherited) @executable_path/Frameworks";
				PRODUCT_NAME = "$(TARGET_NAME)";
			};
			name = Release;
		};
		FAC9176B1B01030B00470104 /* Debug */ = {
			isa = XCBuildConfiguration;
			buildSettings = {
				BUNDLE_LOADER = "$(TEST_HOST)";
				FRAMEWORK_SEARCH_PATHS = (
					"$(SDKROOT)/Developer/Library/Frameworks",
					"$(inherited)",
				);
				GCC_PREPROCESSOR_DEFINITIONS = (
					"DEBUG=1",
					"$(inherited)",
				);
				INFOPLIST_FILE = vpn_switchTests/Info.plist;
				LD_RUNPATH_SEARCH_PATHS = "$(inherited) @executable_path/Frameworks @loader_path/Frameworks";
				PRODUCT_NAME = "$(TARGET_NAME)";
				TEST_HOST = "$(BUILT_PRODUCTS_DIR)/vpn_switch.app/vpn_switch";
			};
			name = Debug;
		};
		FAC9176C1B01030B00470104 /* Release */ = {
			isa = XCBuildConfiguration;
			buildSettings = {
				BUNDLE_LOADER = "$(TEST_HOST)";
				FRAMEWORK_SEARCH_PATHS = (
					"$(SDKROOT)/Developer/Library/Frameworks",
					"$(inherited)",
				);
				INFOPLIST_FILE = vpn_switchTests/Info.plist;
				LD_RUNPATH_SEARCH_PATHS = "$(inherited) @executable_path/Frameworks @loader_path/Frameworks";
				PRODUCT_NAME = "$(TARGET_NAME)";
				TEST_HOST = "$(BUILT_PRODUCTS_DIR)/vpn_switch.app/vpn_switch";
			};
			name = Release;
		};
		FAC917821B01077300470104 /* Debug */ = {
			isa = XCBuildConfiguration;
			buildSettings = {
				GCC_PREPROCESSOR_DEFINITIONS = (
					"DEBUG=1",
					"$(inherited)",
				);
				INFOPLIST_FILE = barbtn/Info.plist;
				LD_RUNPATH_SEARCH_PATHS = "$(inherited) @executable_path/Frameworks @executable_path/../../Frameworks";
				PRODUCT_NAME = "$(TARGET_NAME)";
				SKIP_INSTALL = YES;
			};
			name = Debug;
		};
		FAC917831B01077300470104 /* Release */ = {
			isa = XCBuildConfiguration;
			buildSettings = {
				INFOPLIST_FILE = barbtn/Info.plist;
				LD_RUNPATH_SEARCH_PATHS = "$(inherited) @executable_path/Frameworks @executable_path/../../Frameworks";
				PRODUCT_NAME = "$(TARGET_NAME)";
				SKIP_INSTALL = YES;
			};
			name = Release;
		};
/* End XCBuildConfiguration section */

/* Begin XCConfigurationList section */
		FAC9173C1B01030B00470104 /* Build configuration list for PBXProject "vpn_switch" */ = {
			isa = XCConfigurationList;
			buildConfigurations = (
				FAC917651B01030B00470104 /* Debug */,
				FAC917661B01030B00470104 /* Release */,
			);
			defaultConfigurationIsVisible = 0;
			defaultConfigurationName = Release;
		};
		FAC917671B01030B00470104 /* Build configuration list for PBXNativeTarget "vpn_switch" */ = {
			isa = XCConfigurationList;
			buildConfigurations = (
				FAC917681B01030B00470104 /* Debug */,
				FAC917691B01030B00470104 /* Release */,
			);
			defaultConfigurationIsVisible = 0;
		};
		FAC9176A1B01030B00470104 /* Build configuration list for PBXNativeTarget "vpn_switchTests" */ = {
			isa = XCConfigurationList;
			buildConfigurations = (
				FAC9176B1B01030B00470104 /* Debug */,
				FAC9176C1B01030B00470104 /* Release */,
			);
			defaultConfigurationIsVisible = 0;
		};
		FAC917811B01077300470104 /* Build configuration list for PBXNativeTarget "barbtn" */ = {
			isa = XCConfigurationList;
			buildConfigurations = (
				FAC917821B01077300470104 /* Debug */,
				FAC917831B01077300470104 /* Release */,
			);
			defaultConfigurationIsVisible = 0;
		};
/* End XCConfigurationList section */

/* Begin XCVersionGroup section */
		FAC9174B1B01030B00470104 /* vpn_switch.xcdatamodeld */ = {
			isa = XCVersionGroup;
			children = (
				FAC9174C1B01030B00470104 /* vpn_switch.xcdatamodel */,
			);
			currentVersion = FAC9174C1B01030B00470104 /* vpn_switch.xcdatamodel */;
			path = vpn_switch.xcdatamodeld;
			sourceTree = "<group>";
			versionGroupType = wrapper.xcdatamodel;
		};
/* End XCVersionGroup section */
	};
	rootObject = FAC917391B01030B00470104 /* Project object */;
}
